<?xml version="1.0" encoding="utf-8"?>
<Project ToolsVersion="4.0" xmlns="http://schemas.microsoft.com/developer/msbuild/2003">
  <ItemGroup>
    <ClCompile Include="src\Krieg.cpp">
      <Filter>src</Filter>
    </ClCompile>
    <ClCompile Include="src\Input\InputManager.cpp">
      <Filter>src\Input</Filter>
    </ClCompile>
    <ClCompile Include="src\main.cpp">
      <Filter>src</Filter>
    </ClCompile>
    <ClCompile Include="src\Entities\Unit.cpp">
      <Filter>src\Entities</Filter>
    </ClCompile>
    <ClCompile Include="src\Render\IsoDebugDraw.cpp">
      <Filter>src\Render</Filter>
    </ClCompile>
    <ClCompile Include="src\Entities\Tank.cpp">
      <Filter>src\Entities</Filter>
    </ClCompile>
    <ClCompile Include="src\Render\Helper.cpp">
      <Filter>src\Render</Filter>
    </ClCompile>
    <ClCompile Include="src\World\World.cpp">
      <Filter>src\World</Filter>
    </ClCompile>
  </ItemGroup>
  <ItemGroup>
    <Filter Include="src">
      <UniqueIdentifier>{9a132d03-2c5b-4f70-a72f-3d6fa31dc9ef}</UniqueIdentifier>
    </Filter>
    <Filter Include="src\Input">
      <UniqueIdentifier>{017a8301-d6cb-4080-b56f-aae0944471b1}</UniqueIdentifier>
    </Filter>
    <Filter Include="src\Math">
      <UniqueIdentifier>{391ee51f-f5df-4527-b4e2-00a02f7ddef8}</UniqueIdentifier>
    </Filter>
    <Filter Include="src\Entities">
      <UniqueIdentifier>{e9c3ed95-03e2-4cb0-ab50-96397e33bfbf}</UniqueIdentifier>
    </Filter>
    <Filter Include="src\Render">
      <UniqueIdentifier>{a3209fd3-f367-435d-82ac-7623b25edd49}</UniqueIdentifier>
    </Filter>
    <Filter Include="src\World">
      <UniqueIdentifier>{d53f5966-a96a-4f05-b166-1afe988fb92c}</UniqueIdentifier>
    </Filter>
  </ItemGroup>
  <ItemGroup>
    <ClInclude Include="src\Krieg.h">
      <Filter>src</Filter>
    </ClInclude>
    <ClInclude Include="src\Input\InputManager.h">
      <Filter>src\Input</Filter>
    </ClInclude>
    <ClInclude Include="src\Math\Vector2.h">
      <Filter>src\Math</Filter>
    </ClInclude>
    <ClInclude Include="src\Entities\Entity.h">
      <Filter>src\Entities</Filter>
    </ClInclude>
    <ClInclude Include="src\Entities\Unit.h">
      <Filter>src\Entities</Filter>
    </ClInclude>
    <ClInclude Include="src\Math\Int2.h">
      <Filter>src\Math</Filter>
    </ClInclude>
    <ClInclude Include="src\Math\IsoUtils.h">
      <Filter>src\Math</Filter>
    </ClInclude>
    <ClInclude Include="src\Render\IsoDebugDraw.h">
      <Filter>src\Render</Filter>
    </ClInclude>
    <ClInclude Include="src\Entities\Tank.h">
      <Filter>src\Entities</Filter>
    </ClInclude>
    <ClInclude Include="src\Render\Helper.h">
      <Filter>src\Render</Filter>
    </ClInclude>
    <ClInclude Include="src\World\World.h">
      <Filter>src\World</Filter>
    </ClInclude>
  </ItemGroup>
</Project>