<?xml version="1.0" encoding="utf-8"?>
<Project ToolsVersion="4.0" xmlns="http://schemas.microsoft.com/developer/msbuild/2003">
  <ItemGroup>
    <ClCompile Include="src\Assets\TextureManager.cpp">
      <Filter>src\Assets</Filter>
    </ClCompile>
    <ClCompile Include="src\Render\DirectionalSpriteFactory.cpp">
      <Filter>src\Render</Filter>
    </ClCompile>
    <ClCompile Include="src\Entities\Entity.cpp">
      <Filter>src\Entities</Filter>
    </ClCompile>
    <ClCompile Include="src\Entities\StaticEntity.cpp">
      <Filter>src\Entities</Filter>
    </ClCompile>
    <ClCompile Include="src\Krieg.cpp">
      <Filter>src</Filter>
    </ClCompile>
    <ClCompile Include="src\Input\InputManager.cpp">
      <Filter>src\Input</Filter>
    </ClCompile>
    <ClCompile Include="src\main.cpp">
      <Filter>src</Filter>
    </ClCompile>
    <ClCompile Include="src\Entities\Unit.cpp">
      <Filter>src\Entities</Filter>
    </ClCompile>
    <ClCompile Include="src\Render\IsoDebugDraw.cpp">
      <Filter>src\Render</Filter>
    </ClCompile>
    <ClCompile Include="src\Entities\Tank.cpp">
      <Filter>src\Entities</Filter>
    </ClCompile>
    <ClCompile Include="src\Render\Helper.cpp">
      <Filter>src\Render</Filter>
    </ClCompile>
    <ClCompile Include="src\World\World.cpp">
      <Filter>src\World</Filter>
    </ClCompile>
    <ClCompile Include="src\Render\TileMapRenderer.cpp">
      <Filter>src\Render</Filter>
    </ClCompile>
    <ClCompile Include="src\Render\DebugOverlay.cpp">
      <Filter>src\Render</Filter>
    </ClCompile>
    <ClCompile Include="src\Render\EntityRenderDispatcher.cpp">
      <Filter>src\Render</Filter>
    </ClCompile>
    <ClCompile Include="src\Render\Camera2D.cpp">
      <Filter>src\Render</Filter>
    </ClCompile>
    <ClCompile Include="src\Render\TankDebugRenderer.cpp">
      <Filter>src\Render</Filter>
    </ClCompile>
    <ClCompile Include="src\Render\TankRenderer.cpp">
      <Filter>src\Render</Filter>
    </ClCompile>
    <ClCompile Include="src\Render\TankVisualFactory.cpp">
      <Filter>src\Render</Filter>
    </ClCompile>
    <ClCompile Include="src\Scene\PlayScene.cpp">
      <Filter>src\Scene</Filter>
    </ClCompile>
    <ClCompile Include="src\World\TileMap.cpp">
      <Filter>src\World</Filter>
    </ClCompile>
    <ClCompile Include="src\Render\WorldVisualRegistry.cpp">
      <Filter>src\Render</Filter>
    </ClCompile>
    <ClCompile Include="src\Render\WorldRenderer.cpp">
      <Filter>src\Render</Filter>
    </ClCompile>
    <ClCompile Include="src\World\TankMovementResolver.cpp">
      <Filter>src\World</Filter>
    </ClCompile>
  </ItemGroup>
  <ItemGroup>
    <Filter Include="doc">
      <UniqueIdentifier>{f6e4c0f1-6f4f-4a09-b3c4-1bf6ec0ddb8e}</UniqueIdentifier>
    </Filter>
    <Filter Include="src">
      <UniqueIdentifier>{9a132d03-2c5b-4f70-a72f-3d6fa31dc9ef}</UniqueIdentifier>
    </Filter>
    <Filter Include="src\Assets">
      <UniqueIdentifier>{4ea04f4e-5219-4c51-a9a3-fc3e44d91ae8}</UniqueIdentifier>
    </Filter>
    <Filter Include="src\Input">
      <UniqueIdentifier>{017a8301-d6cb-4080-b56f-aae0944471b1}</UniqueIdentifier>
    </Filter>
    <Filter Include="src\Math">
      <UniqueIdentifier>{391ee51f-f5df-4527-b4e2-00a02f7ddef8}</UniqueIdentifier>
    </Filter>
    <Filter Include="src\Entities">
      <UniqueIdentifier>{e9c3ed95-03e2-4cb0-ab50-96397e33bfbf}</UniqueIdentifier>
    </Filter>
    <Filter Include="src\Render">
      <UniqueIdentifier>{a3209fd3-f367-435d-82ac-7623b25edd49}</UniqueIdentifier>
    </Filter>
    <Filter Include="src\Scene">
      <UniqueIdentifier>{7005bc83-9818-430b-a42b-0f3c5273ad2f}</UniqueIdentifier>
    </Filter>
    <Filter Include="src\World">
      <UniqueIdentifier>{d53f5966-a96a-4f05-b166-1afe988fb92c}</UniqueIdentifier>
    </Filter>
  </ItemGroup>
  <ItemGroup>
    <ClInclude Include="src\Assets\TextureManager.h">
      <Filter>src\Assets</Filter>
    </ClInclude>
    <ClInclude Include="src\Krieg.h">
      <Filter>src</Filter>
    </ClInclude>
    <ClInclude Include="src\Input\InputManager.h">
      <Filter>src\Input</Filter>
    </ClInclude>
    <ClInclude Include="src\Math\Vector2.h">
      <Filter>src\Math</Filter>
    </ClInclude>
    <ClInclude Include="src\Entities\Entity.h">
      <Filter>src\Entities</Filter>
    </ClInclude>
    <ClInclude Include="src\Entities\StaticEntity.h">
      <Filter>src\Entities</Filter>
    </ClInclude>
    <ClInclude Include="src\Entities\Unit.h">
      <Filter>src\Entities</Filter>
    </ClInclude>
    <ClInclude Include="src\Math\Int2.h">
      <Filter>src\Math</Filter>
    </ClInclude>
    <ClInclude Include="src\Math\IsoUtils.h">
      <Filter>src\Math</Filter>
    </ClInclude>
    <ClInclude Include="src\Render\IsoDebugDraw.h">
      <Filter>src\Render</Filter>
    </ClInclude>
    <ClInclude Include="src\Entities\Tank.h">
      <Filter>src\Entities</Filter>
    </ClInclude>
    <ClInclude Include="src\Render\Helper.h">
      <Filter>src\Render</Filter>
    </ClInclude>
    <ClInclude Include="src\World\World.h">
      <Filter>src\World</Filter>
    </ClInclude>
    <ClInclude Include="src\Render\RenderContext.h">
      <Filter>src\Render</Filter>
    </ClInclude>
    <ClInclude Include="src\World\TileMap.h">
      <Filter>src\World</Filter>
    </ClInclude>
    <ClInclude Include="src\Render\TileMapRenderer.h">
      <Filter>src\Render</Filter>
    </ClInclude>
    <ClInclude Include="src\Render\DebugOverlay.h">
      <Filter>src\Render</Filter>
    </ClInclude>
    <ClInclude Include="src\Render\EntityRenderDispatcher.h">
      <Filter>src\Render</Filter>
    </ClInclude>
    <ClInclude Include="src\Render\Camera2D.h">
      <Filter>src\Render</Filter>
    </ClInclude>
    <ClInclude Include="src\Render\TankDebugRenderer.h">
      <Filter>src\Render</Filter>
    </ClInclude>
    <ClInclude Include="src\Render\TankRenderer.h">
      <Filter>src\Render</Filter>
    </ClInclude>
    <ClInclude Include="src\Render\DirectionalSpriteFactory.h">
      <Filter>src\Render</Filter>
    </ClInclude>
    <ClInclude Include="src\Render\TankDirectionResolver.h">
      <Filter>src\Render</Filter>
    </ClInclude>
    <ClInclude Include="src\Render\TankVisualDefinition.h">
      <Filter>src\Render</Filter>
    </ClInclude>
    <ClInclude Include="src\Render\TankVisualFactory.h">
      <Filter>src\Render</Filter>
    </ClInclude>
    <ClInclude Include="src\Render\WorldRenderer.h">
      <Filter>src\Render</Filter>
    </ClInclude>
    <ClInclude Include="src\Render\WorldVisualRegistry.h">
      <Filter>src\Render</Filter>
    </ClInclude>
    <ClInclude Include="src\Entities\TankVisualState.h">
      <Filter>src\Entities</Filter>
    </ClInclude>
    <ClInclude Include="src\World\TankMovementResolver.h">
      <Filter>src\World</Filter>
    </ClInclude>
    <ClInclude Include="src\Scene\IScene.h">
      <Filter>src\Scene</Filter>
    </ClInclude>
    <ClInclude Include="src\Scene\PlayScene.h">
      <Filter>src\Scene</Filter>
    </ClInclude>
  </ItemGroup>
  <ItemGroup>
    <None Include="doc\ARCHITECTURE.md">
      <Filter>doc</Filter>
    </None>
    <None Include="doc\CAMERA_SYSTEM.md">
      <Filter>doc</Filter>
    </None>
    <None Include="doc\CODING_GUIDELINES.md">
      <Filter>doc</Filter>
    </None>
    <None Include="doc\ENGINE_RULES.md">
      <Filter>doc</Filter>
    </None>
    <None Include="doc\ENTITY_SYSTEM.md">
      <Filter>doc</Filter>
    </None>
    <None Include="doc\GAMEPLAY_RULES.md">
      <Filter>doc</Filter>
    </None>
    <None Include="doc\INPUT_SYSTEM.md">
      <Filter>doc</Filter>
    </None>
    <None Include="doc\PHYSICS_COLLISION.md">
      <Filter>doc</Filter>
    </None>
    <None Include="doc\RENDER_PIPELINE.md">
      <Filter>doc</Filter>
    </None>
    <None Include="doc\SPRITE_SYSTEM.md">
      <Filter>doc</Filter>
    </None>
    <None Include="doc\WORLD_SYSTEM.md">
      <Filter>doc</Filter>
    </None>
  </ItemGroup>
</Project>
